
Microsoft Visual Studio Solution File, Format Version 12.00
# Visual Studio Version 17
VisualStudioVersion = 17.1.32210.238
MinimumVisualStudioVersion = 10.0.40219.1
Project("{FAE04EC0-301F-11D3-BF4B-00C04F79EFBC}") = "BooksParcer", "BooksParcer.csproj", "{80633DC0-DBF9-4E62-9BEE-F160DC543815}"
EndProject
Global
	GlobalSection(SolutionConfigurationPlatforms) = preSolution
		Debug|Any CPU = Debug|Any CPU
		Release|Any CPU = Release|Any CPU
	EndGlobalSection
	GlobalSection(ProjectConfigurationPlatforms) = postSolution
		{80633DC0-DBF9-4E62-9BEE-F160DC543815}.Debug|Any CPU.ActiveCfg = Debug|Any CPU
		{80633DC0-DBF9-4E62-9BEE-F160DC543815}.Debug|Any CPU.Build.0 = Debug|Any CPU
		{80633DC0-DBF9-4E62-9BEE-F160DC543815}.Release|Any CPU.ActiveCfg = Release|Any CPU
		{80633DC0-DBF9-4E62-9BEE-F160DC543815}.Release|Any CPU.Build.0 = Release|Any CPU
	EndGlobalSection
	GlobalSection(SolutionProperties) = preSolution
		HideSolutionNode = FALSE
	EndGlobalSection
	GlobalSection(ExtensibilityGlobals) = postSolution
		SolutionGuid = {5B1D5A93-3E97-410A-AE6B-FA0AA34D34E1}
	EndGlobalSection
EndGlobal
